
Microsoft Visual Studio Solution File, Format Version 12.00
# Visual Studio Version 17
VisualStudioVersion = 17.2.32616.157
MinimumVisualStudioVersion = 10.0.40219.1
Project("{FAE04EC0-301F-11D3-BF4B-00C04F79EFBC}") = "UniversityProject.Api", "UniversityProject.Api\UniversityProject.Api.csproj", "{F9366C4B-1878-4CCA-9476-9286C05FE349}"
EndProject
Project("{FAE04EC0-301F-11D3-BF4B-00C04F79EFBC}") = "UniversityProject.Domain", "UniversityProject.Domain\UniversityProject.Domain.csproj", "{142F8E37-B3EA-4C45-AC7C-B3F7A806AD06}"
EndProject
Project("{FAE04EC0-301F-11D3-BF4B-00C04F79EFBC}") = "UniversityProject.Infrastructure", "UniversityProject.Infrastructure\UniversityProject.Infrastructure.csproj", "{7DCD56D3-EFB2-495C-ABFC-DA7F87138D16}"
EndProject
Project("{FAE04EC0-301F-11D3-BF4B-00C04F79EFBC}") = "UniversityProject.Services", "UniversityProject.Services\UniversityProject.Services.csproj", "{5CA35E43-F36B-4243-839D-CB9535DBB389}"
EndProject
Global
	GlobalSection(SolutionConfigurationPlatforms) = preSolution
		Debug|Any CPU = Debug|Any CPU
		Release|Any CPU = Release|Any CPU
	EndGlobalSection
	GlobalSection(ProjectConfigurationPlatforms) = postSolution
		{F9366C4B-1878-4CCA-9476-9286C05FE349}.Debug|Any CPU.ActiveCfg = Debug|Any CPU
		{F9366C4B-1878-4CCA-9476-9286C05FE349}.Debug|Any CPU.Build.0 = Debug|Any CPU
		{F9366C4B-1878-4CCA-9476-9286C05FE349}.Release|Any CPU.ActiveCfg = Release|Any CPU
		{F9366C4B-1878-4CCA-9476-9286C05FE349}.Release|Any CPU.Build.0 = Release|Any CPU
		{142F8E37-B3EA-4C45-AC7C-B3F7A806AD06}.Debug|Any CPU.ActiveCfg = Debug|Any CPU
		{142F8E37-B3EA-4C45-AC7C-B3F7A806AD06}.Debug|Any CPU.Build.0 = Debug|Any CPU
		{142F8E37-B3EA-4C45-AC7C-B3F7A806AD06}.Release|Any CPU.ActiveCfg = Release|Any CPU
		{142F8E37-B3EA-4C45-AC7C-B3F7A806AD06}.Release|Any CPU.Build.0 = Release|Any CPU
		{7DCD56D3-EFB2-495C-ABFC-DA7F87138D16}.Debug|Any CPU.ActiveCfg = Debug|Any CPU
		{7DCD56D3-EFB2-495C-ABFC-DA7F87138D16}.Debug|Any CPU.Build.0 = Debug|Any CPU
		{7DCD56D3-EFB2-495C-ABFC-DA7F87138D16}.Release|Any CPU.ActiveCfg = Release|Any CPU
		{7DCD56D3-EFB2-495C-ABFC-DA7F87138D16}.Release|Any CPU.Build.0 = Release|Any CPU
		{5CA35E43-F36B-4243-839D-CB9535DBB389}.Debug|Any CPU.ActiveCfg = Debug|Any CPU
		{5CA35E43-F36B-4243-839D-CB9535DBB389}.Debug|Any CPU.Build.0 = Debug|Any CPU
		{5CA35E43-F36B-4243-839D-CB9535DBB389}.Release|Any CPU.ActiveCfg = Release|Any CPU
		{5CA35E43-F36B-4243-839D-CB9535DBB389}.Release|Any CPU.Build.0 = Release|Any CPU
	EndGlobalSection
	GlobalSection(SolutionProperties) = preSolution
		HideSolutionNode = FALSE
	EndGlobalSection
	GlobalSection(ExtensibilityGlobals) = postSolution
		SolutionGuid = {A0E0644F-8D0C-46D9-8142-81795EA229A9}
	EndGlobalSection
EndGlobal
